// !$*UTF8*$!
{
	archiveVersion = 1;
	classes = {
	};
	objectVersion = 50;
	objects = {

/* Begin PBXBuildFile section */
		F853B2A0222743A80071F675 /* AppDelegate.swift in Sources */ = {isa = PBXBuildFile; fileRef = F853B29F222743A80071F675 /* AppDelegate.swift */; };
		F853B2A2222743A80071F675 /* ViewController.swift in Sources */ = {isa = PBXBuildFile; fileRef = F853B2A1222743A80071F675 /* ViewController.swift */; };
		F853B2A5222743A80071F675 /* Main.storyboard in Resources */ = {isa = PBXBuildFile; fileRef = F853B2A3222743A80071F675 /* Main.storyboard */; };
		F853B2A8222743A80071F675 /* FingerGuess.xcdatamodeld in Sources */ = {isa = PBXBuildFile; fileRef = F853B2A6222743A80071F675 /* FingerGuess.xcdatamodeld */; };
		F853B2AA222743AB0071F675 /* Assets.xcassets in Resources */ = {isa = PBXBuildFile; fileRef = F853B2A9222743AB0071F675 /* Assets.xcassets */; };
		F853B2AD222743AB0071F675 /* LaunchScreen.storyboard in Resources */ = {isa = PBXBuildFile; fileRef = F853B2AB222743AB0071F675 /* LaunchScreen.storyboard */; };
		F853B2B8222743AB0071F675 /* FingerGuessTests.swift in Sources */ = {isa = PBXBuildFile; fileRef = F853B2B7222743AB0071F675 /* FingerGuessTests.swift */; };
		F853B2C3222743AB0071F675 /* FingerGuessUITests.swift in Sources */ = {isa = PBXBuildFile; fileRef = F853B2C2222743AB0071F675 /* FingerGuessUITests.swift */; };
/* End PBXBuildFile section */

/* Begin PBXContainerItemProxy section */
		F853B2B4222743AB0071F675 /* PBXContainerItemProxy */ = {
			isa = PBXContainerItemProxy;
			containerPortal = F853B294222743A80071F675 /* Project object */;
			proxyType = 1;
			remoteGlobalIDString = F853B29B222743A80071F675;
			remoteInfo = FingerGuess;
		};
		F853B2BF222743AB0071F675 /* PBXContainerItemProxy */ = {
			isa = PBXContainerItemProxy;
			containerPortal = F853B294222743A80071F675 /* Project object */;
			proxyType = 1;
			remoteGlobalIDString = F853B29B222743A80071F675;
			remoteInfo = FingerGuess;
		};
/* End PBXContainerItemProxy section */

/* Begin PBXFileReference section */
		F853B29C222743A80071F675 /* FingerGuess.app */ = {isa = PBXFileReference; explicitFileType = wrapper.application; includeInIndex = 0; path = FingerGuess.app; sourceTree = BUILT_PRODUCTS_DIR; };
		F853B29F222743A80071F675 /* AppDelegate.swift */ = {isa = PBXFileReference; lastKnownFileType = sourcecode.swift; path = AppDelegate.swift; sourceTree = "<group>"; };
		F853B2A1222743A80071F675 /* ViewController.swift */ = {isa = PBXFileReference; lastKnownFileType = sourcecode.swift; path = ViewController.swift; sourceTree = "<group>"; };
		F853B2A4222743A80071F675 /* Base */ = {isa = PBXFileReference; lastKnownFileType = file.storyboard; name = Base; path = Base.lproj/Main.storyboard; sourceTree = "<group>"; };
		F853B2A7222743A80071F675 /* FingerGuess.xcdatamodel */ = {isa = PBXFileReference; lastKnownFileType = wrapper.xcdatamodel; path = FingerGuess.xcdatamodel; sourceTree = "<group>"; };
		F853B2A9222743AB0071F675 /* Assets.xcassets */ = {isa = PBXFileReference; lastKnownFileType = folder.assetcatalog; path = Assets.xcassets; sourceTree = "<group>"; };
		F853B2AC222743AB0071F675 /* Base */ = {isa = PBXFileReference; lastKnownFileType = file.storyboard; name = Base; path = Base.lproj/LaunchScreen.storyboard; sourceTree = "<group>"; };
		F853B2AE222743AB0071F675 /* Info.plist */ = {isa = PBXFileReference; lastKnownFileType = text.plist.xml; path = Info.plist; sourceTree = "<group>"; };
		F853B2B3222743AB0071F675 /* FingerGuessTests.xctest */ = {isa = PBXFileReference; explicitFileType = wrapper.cfbundle; includeInIndex = 0; path = FingerGuessTests.xctest; sourceTree = BUILT_PRODUCTS_DIR; };
		F853B2B7222743AB0071F675 /* FingerGuessTests.swift */ = {isa = PBXFileReference; lastKnownFileType = sourcecode.swift; path = FingerGuessTests.swift; sourceTree = "<group>"; };
		F853B2B9222743AB0071F675 /* Info.plist */ = {isa = PBXFileReference; lastKnownFileType = text.plist.xml; path = Info.plist; sourceTree = "<group>"; };
		F853B2BE222743AB0071F675 /* FingerGuessUITests.xctest */ = {isa = PBXFileReference; explicitFileType = wrapper.cfbundle; includeInIndex = 0; path = FingerGuessUITests.xctest; sourceTree = BUILT_PRODUCTS_DIR; };
		F853B2C2222743AB0071F675 /* FingerGuessUITests.swift */ = {isa = PBXFileReference; lastKnownFileType = sourcecode.swift; path = FingerGuessUITests.swift; sourceTree = "<group>"; };
		F853B2C4222743AB0071F675 /* Info.plist */ = {isa = PBXFileReference; lastKnownFileType = text.plist.xml; path = Info.plist; sourceTree = "<group>"; };
/* End PBXFileReference section */

/* Begin PBXFrameworksBuildPhase section */
		F853B299222743A80071F675 /* Frameworks */ = {
			isa = PBXFrameworksBuildPhase;
			buildActionMask = 2147483647;
			files = (
			);
			runOnlyForDeploymentPostprocessing = 0;
		};
		F853B2B0222743AB0071F675 /* Frameworks */ = {
			isa = PBXFrameworksBuildPhase;
			buildActionMask = 2147483647;
			files = (
			);
			runOnlyForDeploymentPostprocessing = 0;
		};
		F853B2BB222743AB0071F675 /* Frameworks */ = {
			isa = PBXFrameworksBuildPhase;
			buildActionMask = 2147483647;
			files = (
			);
			runOnlyForDeploymentPostprocessing = 0;
		};
/* End PBXFrameworksBuildPhase section */

/* Begin PBXGroup section */
		F853B293222743A80071F675 = {
			isa = PBXGroup;
			children = (
				F853B29E222743A80071F675 /* FingerGuess */,
				F853B2B6222743AB0071F675 /* FingerGuessTests */,
				F853B2C1222743AB0071F675 /* FingerGuessUITests */,
				F853B29D222743A80071F675 /* Products */,
			);
			sourceTree = "<group>";
		};
		F853B29D222743A80071F675 /* Products */ = {
			isa = PBXGroup;
			children = (
				F853B29C222743A80071F675 /* FingerGuess.app */,
				F853B2B3222743AB0071F675 /* FingerGuessTests.xctest */,
				F853B2BE222743AB0071F675 /* FingerGuessUITests.xctest */,
			);
			name = Products;
			sourceTree = "<group>";
		};
		F853B29E222743A80071F675 /* FingerGuess */ = {
			isa = PBXGroup;
			children = (
				F853B29F222743A80071F675 /* AppDelegate.swift */,
				F853B2A1222743A80071F675 /* ViewController.swift */,
				F853B2A3222743A80071F675 /* Main.storyboard */,
				F853B2A9222743AB0071F675 /* Assets.xcassets */,
				F853B2AB222743AB0071F675 /* LaunchScreen.storyboard */,
				F853B2AE222743AB0071F675 /* Info.plist */,
				F853B2A6222743A80071F675 /* FingerGuess.xcdatamodeld */,
			);
			path = FingerGuess;
			sourceTree = "<group>";
		};
		F853B2B6222743AB0071F675 /* FingerGuessTests */ = {
			isa = PBXGroup;
			children = (
				F853B2B7222743AB0071F675 /* FingerGuessTests.swift */,
				F853B2B9222743AB0071F675 /* Info.plist */,
			);
			path = FingerGuessTests;
			sourceTree = "<group>";
		};
		F853B2C1222743AB0071F675 /* FingerGuessUITests */ = {
			isa = PBXGroup;
			children = (
				F853B2C2222743AB0071F675 /* FingerGuessUITests.swift */,
				F853B2C4222743AB0071F675 /* Info.plist */,
			);
			path = FingerGuessUITests;
			sourceTree = "<group>";
		};
/* End PBXGroup section */

/* Begin PBXNativeTarget section */
		F853B29B222743A80071F675 /* FingerGuess */ = {
			isa = PBXNativeTarget;
			buildConfigurationList = F853B2C7222743AB0071F675 /* Build configuration list for PBXNativeTarget "FingerGuess" */;
			buildPhases = (
				F853B298222743A80071F675 /* Sources */,
				F853B299222743A80071F675 /* Frameworks */,
				F853B29A222743A80071F675 /* Resources */,
			);
			buildRules = (
			);
			dependencies = (
			);
			name = FingerGuess;
			productName = FingerGuess;
			productReference = F853B29C222743A80071F675 /* FingerGuess.app */;
			productType = "com.apple.product-type.application";
		};
		F853B2B2222743AB0071F675 /* FingerGuessTests */ = {
			isa = PBXNativeTarget;
			buildConfigurationList = F853B2CA222743AB0071F675 /* Build configuration list for PBXNativeTarget "FingerGuessTests" */;
			buildPhases = (
				F853B2AF222743AB0071F675 /* Sources */,
				F853B2B0222743AB0071F675 /* Frameworks */,
				F853B2B1222743AB0071F675 /* Resources */,
			);
			buildRules = (
			);
			dependencies = (
				F853B2B5222743AB0071F675 /* PBXTargetDependency */,
			);
			name = FingerGuessTests;
			productName = FingerGuessTests;
			productReference = F853B2B3222743AB0071F675 /* FingerGuessTests.xctest */;
			productType = "com.apple.product-type.bundle.unit-test";
		};
		F853B2BD222743AB0071F675 /* FingerGuessUITests */ = {
			isa = PBXNativeTarget;
			buildConfigurationList = F853B2CD222743AB0071F675 /* Build configuration list for PBXNativeTarget "FingerGuessUITests" */;
			buildPhases = (
				F853B2BA222743AB0071F675 /* Sources */,
				F853B2BB222743AB0071F675 /* Frameworks */,
				F853B2BC222743AB0071F675 /* Resources */,
			);
			buildRules = (
			);
			dependencies = (
				F853B2C0222743AB0071F675 /* PBXTargetDependency */,
			);
			name = FingerGuessUITests;
			productName = FingerGuessUITests;
			productReference = F853B2BE222743AB0071F675 /* FingerGuessUITests.xctest */;
			productType = "com.apple.product-type.bundle.ui-testing";
		};
/* End PBXNativeTarget section */

/* Begin PBXProject section */
		F853B294222743A80071F675 /* Project object */ = {
			isa = PBXProject;
			attributes = {
				LastSwiftUpdateCheck = 1010;
				LastUpgradeCheck = 1010;
				ORGANIZATIONNAME = reyzeny;
				TargetAttributes = {
					F853B29B222743A80071F675 = {
						CreatedOnToolsVersion = 10.1;
					};
					F853B2B2222743AB0071F675 = {
						CreatedOnToolsVersion = 10.1;
						TestTargetID = F853B29B222743A80071F675;
					};
					F853B2BD222743AB0071F675 = {
						CreatedOnToolsVersion = 10.1;
						TestTargetID = F853B29B222743A80071F675;
					};
				};
			};
			buildConfigurationList = F853B297222743A80071F675 /* Build configuration list for PBXProject "FingerGuess" */;
			compatibilityVersion = "Xcode 9.3";
			developmentRegion = en;
			hasScannedForEncodings = 0;
			knownRegions = (
				en,
				Base,
			);
			mainGroup = F853B293222743A80071F675;
			productRefGroup = F853B29D222743A80071F675 /* Products */;
			projectDirPath = "";
			projectRoot = "";
			targets = (
				F853B29B222743A80071F675 /* FingerGuess */,
				F853B2B2222743AB0071F675 /* FingerGuessTests */,
				F853B2BD222743AB0071F675 /* FingerGuessUITests */,
			);
		};
/* End PBXProject section */

/* Begin PBXResourcesBuildPhase section */
		F853B29A222743A80071F675 /* Resources */ = {
			isa = PBXResourcesBuildPhase;
			buildActionMask = 2147483647;
			files = (
				F853B2AD222743AB0071F675 /* LaunchScreen.storyboard in Resources */,
				F853B2AA222743AB0071F675 /* Assets.xcassets in Resources */,
				F853B2A5222743A80071F675 /* Main.storyboard in Resources */,
			);
			runOnlyForDeploymentPostprocessing = 0;
		};
		F853B2B1222743AB0071F675 /* Resources */ = {
			isa = PBXResourcesBuildPhase;
			buildActionMask = 2147483647;
			files = (
			);
			runOnlyForDeploymentPostprocessing = 0;
		};
		F853B2BC222743AB0071F675 /* Resources */ = {
			isa = PBXResourcesBuildPhase;
			buildActionMask = 2147483647;
			files = (
			);
			runOnlyForDeploymentPostprocessing = 0;
		};
/* End PBXResourcesBuildPhase section */

/* Begin PBXSourcesBuildPhase section */
		F853B298222743A80071F675 /* Sources */ = {
			isa = PBXSourcesBuildPhase;
			buildActionMask = 2147483647;
			files = (
				F853B2A8222743A80071F675 /* FingerGuess.xcdatamodeld in Sources */,
				F853B2A2222743A80071F675 /* ViewController.swift in Sources */,
				F853B2A0222743A80071F675 /* AppDelegate.swift in Sources */,
			);
			runOnlyForDeploymentPostprocessing = 0;
		};
		F853B2AF222743AB0071F675 /* Sources */ = {
			isa = PBXSourcesBuildPhase;
			buildActionMask = 2147483647;
			files = (
				F853B2B8222743AB0071F675 /* FingerGuessTests.swift in Sources */,
			);
			runOnlyForDeploymentPostprocessing = 0;
		};
		F853B2BA222743AB0071F675 /* Sources */ = {
			isa = PBXSourcesBuildPhase;
			buildActionMask = 2147483647;
			files = (
				F853B2C3222743AB0071F675 /* FingerGuessUITests.swift in Sources */,
			);
			runOnlyForDeploymentPostprocessing = 0;
		};
/* End PBXSourcesBuildPhase section */

/* Begin PBXTargetDependency section */
		F853B2B5222743AB0071F675 /* PBXTargetDependency */ = {
			isa = PBXTargetDependency;
			target = F853B29B222743A80071F675 /* FingerGuess */;
			targetProxy = F853B2B4222743AB0071F675 /* PBXContainerItemProxy */;
		};
		F853B2C0222743AB0071F675 /* PBXTargetDependency */ = {
			isa = PBXTargetDependency;
			target = F853B29B222743A80071F675 /* FingerGuess */;
			targetProxy = F853B2BF222743AB0071F675 /* PBXContainerItemProxy */;
		};
/* End PBXTargetDependency section */

/* Begin PBXVariantGroup section */
		F853B2A3222743A80071F675 /* Main.storyboard */ = {
			isa = PBXVariantGroup;
			children = (
				F853B2A4222743A80071F675 /* Base */,
			);
			name = Main.storyboard;
			sourceTree = "<group>";
		};
		F853B2AB222743AB0071F675 /* LaunchScreen.storyboard */ = {
			isa = PBXVariantGroup;
			children = (
				F853B2AC222743AB0071F675 /* Base */,
			);
			name = LaunchScreen.storyboard;
			sourceTree = "<group>";
		};
/* End PBXVariantGroup section */

/* Begin XCBuildConfiguration section */
		F853B2C5222743AB0071F675 /* Debug */ = {
			isa = XCBuildConfiguration;
			buildSettings = {
				ALWAYS_SEARCH_USER_PATHS = NO;
				CLANG_ANALYZER_NONNULL = YES;
				CLANG_ANALYZER_NUMBER_OBJECT_CONVERSION = YES_AGGRESSIVE;
				CLANG_CXX_LANGUAGE_STANDARD = "gnu++14";
				CLANG_CXX_LIBRARY = "libc++";
				CLANG_ENABLE_MODULES = YES;
				CLANG_ENABLE_OBJC_ARC = YES;
				CLANG_ENABLE_OBJC_WEAK = YES;
				CLANG_WARN_BLOCK_CAPTURE_AUTORELEASING = YES;
				CLANG_WARN_BOOL_CONVERSION = YES;
				CLANG_WARN_COMMA = YES;
				CLANG_WARN_CONSTANT_CONVERSION = YES;
				CLANG_WARN_DEPRECATED_OBJC_IMPLEMENTATIONS = YES;
				CLANG_WARN_DIRECT_OBJC_ISA_USAGE = YES_ERROR;
				CLANG_WARN_DOCUMENTATION_COMMENTS = YES;
				CLANG_WARN_EMPTY_BODY = YES;
				CLANG_WARN_ENUM_CONVERSION = YES;
				CLANG_WARN_INFINITE_RECURSION = YES;
				CLANG_WARN_INT_CONVERSION = YES;
				CLANG_WARN_NON_LITERAL_NULL_CONVERSION = YES;
				CLANG_WARN_OBJC_IMPLICIT_RETAIN_SELF = YES;
				CLANG_WARN_OBJC_LITERAL_CONVERSION = YES;
				CLANG_WARN_OBJC_ROOT_CLASS = YES_ERROR;
				CLANG_WARN_RANGE_LOOP_ANALYSIS = YES;
				CLANG_WARN_STRICT_PROTOTYPES = YES;
				CLANG_WARN_SUSPICIOUS_MOVE = YES;
				CLANG_WARN_UNGUARDED_AVAILABILITY = YES_AGGRESSIVE;
				CLANG_WARN_UNREACHABLE_CODE = YES;
				CLANG_WARN__DUPLICATE_METHOD_MATCH = YES;
				CODE_SIGN_IDENTITY = "iPhone Developer";
				COPY_PHASE_STRIP = NO;
				DEBUG_INFORMATION_FORMAT = dwarf;
				ENABLE_STRICT_OBJC_MSGSEND = YES;
				ENABLE_TESTABILITY = YES;
				GCC_C_LANGUAGE_STANDARD = gnu11;
				GCC_DYNAMIC_NO_PIC = NO;
				GCC_NO_COMMON_BLOCKS = YES;
				GCC_OPTIMIZATION_LEVEL = 0;
				GCC_PREPROCESSOR_DEFINITIONS = (
					"DEBUG=1",
					"$(inherited)",
				);
				GCC_WARN_64_TO_32_BIT_CONVERSION = YES;
				GCC_WARN_ABOUT_RETURN_TYPE = YES_ERROR;
				GCC_WARN_UNDECLARED_SELECTOR = YES;
				GCC_WARN_UNINITIALIZED_AUTOS = YES_AGGRESSIVE;
				GCC_WARN_UNUSED_FUNCTION = YES;
				GCC_WARN_UNUSED_VARIABLE = YES;
				IPHONEOS_DEPLOYMENT_TARGET = 12.1;
				MTL_ENABLE_DEBUG_INFO = INCLUDE_SOURCE;
				MTL_FAST_MATH = YES;
				ONLY_ACTIVE_ARCH = YES;
				SDKROOT = iphoneos;
				SWIFT_ACTIVE_COMPILATION_CONDITIONS = DEBUG;
				SWIFT_OPTIMIZATION_LEVEL = "-Onone";
			};
			name = Debug;
		};
		F853B2C6222743AB0071F675 /* Release */ = {
			isa = XCBuildConfiguration;
			buildSettings = {
				ALWAYS_SEARCH_USER_PATHS = NO;
				CLANG_ANALYZER_NONNULL = YES;
				CLANG_ANALYZER_NUMBER_OBJECT_CONVERSION = YES_AGGRESSIVE;
				CLANG_CXX_LANGUAGE_STANDARD = "gnu++14";
				CLANG_CXX_LIBRARY = "libc++";
				CLANG_ENABLE_MODULES = YES;
				CLANG_ENABLE_OBJC_ARC = YES;
				CLANG_ENABLE_OBJC_WEAK = YES;
				CLANG_WARN_BLOCK_CAPTURE_AUTORELEASING = YES;
				CLANG_WARN_BOOL_CONVERSION = YES;
				CLANG_WARN_COMMA = YES;
				CLANG_WARN_CONSTANT_CONVERSION = YES;
				CLANG_WARN_DEPRECATED_OBJC_IMPLEMENTATIONS = YES;
				CLANG_WARN_DIRECT_OBJC_ISA_USAGE = YES_ERROR;
				CLANG_WARN_DOCUMENTATION_COMMENTS = YES;
				CLANG_WARN_EMPTY_BODY = YES;
				CLANG_WARN_ENUM_CONVERSION = YES;
				CLANG_WARN_INFINITE_RECURSION = YES;
				CLANG_WARN_INT_CONVERSION = YES;
				CLANG_WARN_NON_LITERAL_NULL_CONVERSION = YES;
				CLANG_WARN_OBJC_IMPLICIT_RETAIN_SELF = YES;
				CLANG_WARN_OBJC_LITERAL_CONVERSION = YES;
				CLANG_WARN_OBJC_ROOT_CLASS = YES_ERROR;
				CLANG_WARN_RANGE_LOOP_ANALYSIS = YES;
				CLANG_WARN_STRICT_PROTOTYPES = YES;
				CLANG_WARN_SUSPICIOUS_MOVE = YES;
				CLANG_WARN_UNGUARDED_AVAILABILITY = YES_AGGRESSIVE;
				CLANG_WARN_UNREACHABLE_CODE = YES;
				CLANG_WARN__DUPLICATE_METHOD_MATCH = YES;
				CODE_SIGN_IDENTITY = "iPhone Developer";
				COPY_PHASE_STRIP = NO;
				DEBUG_INFORMATION_FORMAT = "dwarf-with-dsym";
				ENABLE_NS_ASSERTIONS = NO;
				ENABLE_STRICT_OBJC_MSGSEND = YES;
				GCC_C_LANGUAGE_STANDARD = gnu11;
				GCC_NO_COMMON_BLOCKS = YES;
				GCC_WARN_64_TO_32_BIT_CONVERSION = YES;
				GCC_WARN_ABOUT_RETURN_TYPE = YES_ERROR;
				GCC_WARN_UNDECLARED_SELECTOR = YES;
				GCC_WARN_UNINITIALIZED_AUTOS = YES_AGGRESSIVE;
				GCC_WARN_UNUSED_FUNCTION = YES;
				GCC_WARN_UNUSED_VARIABLE = YES;
				IPHONEOS_DEPLOYMENT_TARGET = 12.1;
				MTL_ENABLE_DEBUG_INFO = NO;
				MTL_FAST_MATH = YES;
				SDKROOT = iphoneos;
				SWIFT_COMPILATION_MODE = wholemodule;
				SWIFT_OPTIMIZATION_LEVEL = "-O";
				VALIDATE_PRODUCT = YES;
			};
			name = Release;
		};
		F853B2C8222743AB0071F675 /* Debug */ = {
			isa = XCBuildConfiguration;
			buildSettings = {
				ASSETCATALOG_COMPILER_APPICON_NAME = AppIcon;
				CODE_SIGN_STYLE = Automatic;
				INFOPLIST_FILE = FingerGuess/Info.plist;
				LD_RUNPATH_SEARCH_PATHS = (
					"$(inherited)",
					"@executable_path/Frameworks",
				);
				PRODUCT_BUNDLE_IDENTIFIER = com.reyzeny.FingerGuess;
				PRODUCT_NAME = "$(TARGET_NAME)";
				SWIFT_VERSION = 4.2;
				TARGETED_DEVICE_FAMILY = "1,2";
			};
			name = Debug;
		};
		F853B2C9222743AB0071F675 /* Release */ = {
			isa = XCBuildConfiguration;
			buildSettings = {
				ASSETCATALOG_COMPILER_APPICON_NAME = AppIcon;
				CODE_SIGN_STYLE = Automatic;
				INFOPLIST_FILE = FingerGuess/Info.plist;
				LD_RUNPATH_SEARCH_PATHS = (
					"$(inherited)",
					"@executable_path/Frameworks",
				);
				PRODUCT_BUNDLE_IDENTIFIER = com.reyzeny.FingerGuess;
				PRODUCT_NAME = "$(TARGET_NAME)";
				SWIFT_VERSION = 4.2;
				TARGETED_DEVICE_FAMILY = "1,2";
			};
			name = Release;
		};
		F853B2CB222743AB0071F675 /* Debug */ = {
			isa = XCBuildConfiguration;
			buildSettings = {
				ALWAYS_EMBED_SWIFT_STANDARD_LIBRARIES = YES;
				BUNDLE_LOADER = "$(TEST_HOST)";
				CODE_SIGN_STYLE = Automatic;
				INFOPLIST_FILE = FingerGuessTests/Info.plist;
				LD_RUNPATH_SEARCH_PATHS = (
					"$(inherited)",
					"@executable_path/Frameworks",
					"@loader_path/Frameworks",
				);
				PRODUCT_BUNDLE_IDENTIFIER = com.reyzeny.FingerGuessTests;
				PRODUCT_NAME = "$(TARGET_NAME)";
				SWIFT_VERSION = 4.2;
				TARGETED_DEVICE_FAMILY = "1,2";
				TEST_HOST = "$(BUILT_PRODUCTS_DIR)/FingerGuess.app/FingerGuess";
			};
			name = Debug;
		};
		F853B2CC222743AB0071F675 /* Release */ = {
			isa = XCBuildConfiguration;
			buildSettings = {
				ALWAYS_EMBED_SWIFT_STANDARD_LIBRARIES = YES;
				BUNDLE_LOADER = "$(TEST_HOST)";
				CODE_SIGN_STYLE = Automatic;
				INFOPLIST_FILE = FingerGuessTests/Info.plist;
				LD_RUNPATH_SEARCH_PATHS = (
					"$(inherited)",
					"@executable_path/Frameworks",
					"@loader_path/Frameworks",
				);
				PRODUCT_BUNDLE_IDENTIFIER = com.reyzeny.FingerGuessTests;
				PRODUCT_NAME = "$(TARGET_NAME)";
				SWIFT_VERSION = 4.2;
				TARGETED_DEVICE_FAMILY = "1,2";
				TEST_HOST = "$(BUILT_PRODUCTS_DIR)/FingerGuess.app/FingerGuess";
			};
			name = Release;
		};
		F853B2CE222743AB0071F675 /* Debug */ = {
			isa = XCBuildConfiguration;
			buildSettings = {
				ALWAYS_EMBED_SWIFT_STANDARD_LIBRARIES = YES;
				CODE_SIGN_STYLE = Automatic;
				INFOPLIST_FILE = FingerGuessUITests/Info.plist;
				LD_RUNPATH_SEARCH_PATHS = (
					"$(inherited)",
					"@executable_path/Frameworks",
					"@loader_path/Frameworks",
				);
				PRODUCT_BUNDLE_IDENTIFIER = com.reyzeny.FingerGuessUITests;
				PRODUCT_NAME = "$(TARGET_NAME)";
				SWIFT_VERSION = 4.2;
				TARGETED_DEVICE_FAMILY = "1,2";
				TEST_TARGET_NAME = FingerGuess;
			};
			name = Debug;
		};
		F853B2CF222743AB0071F675 /* Release */ = {
			isa = XCBuildConfiguration;
			buildSettings = {
				ALWAYS_EMBED_SWIFT_STANDARD_LIBRARIES = YES;
				CODE_SIGN_STYLE = Automatic;
				INFOPLIST_FILE = FingerGuessUITests/Info.plist;
				LD_RUNPATH_SEARCH_PATHS = (
					"$(inherited)",
					"@executable_path/Frameworks",
					"@loader_path/Frameworks",
				);
				PRODUCT_BUNDLE_IDENTIFIER = com.reyzeny.FingerGuessUITests;
				PRODUCT_NAME = "$(TARGET_NAME)";
				SWIFT_VERSION = 4.2;
				TARGETED_DEVICE_FAMILY = "1,2";
				TEST_TARGET_NAME = FingerGuess;
			};
			name = Release;
		};
/* End XCBuildConfiguration section */

/* Begin XCConfigurationList section */
		F853B297222743A80071F675 /* Build configuration list for PBXProject "FingerGuess" */ = {
			isa = XCConfigurationList;
			buildConfigurations = (
				F853B2C5222743AB0071F675 /* Debug */,
				F853B2C6222743AB0071F675 /* Release */,
			);
			defaultConfigurationIsVisible = 0;
			defaultConfigurationName = Release;
		};
		F853B2C7222743AB0071F675 /* Build configuration list for PBXNativeTarget "FingerGuess" */ = {
			isa = XCConfigurationList;
			buildConfigurations = (
				F853B2C8222743AB0071F675 /* Debug */,
				F853B2C9222743AB0071F675 /* Release */,
			);
			defaultConfigurationIsVisible = 0;
			defaultConfigurationName = Release;
		};
		F853B2CA222743AB0071F675 /* Build configuration list for PBXNativeTarget "FingerGuessTests" */ = {
			isa = XCConfigurationList;
			buildConfigurations = (
				F853B2CB222743AB0071F675 /* Debug */,
				F853B2CC222743AB0071F675 /* Release */,
			);
			defaultConfigurationIsVisible = 0;
			defaultConfigurationName = Release;
		};
		F853B2CD222743AB0071F675 /* Build configuration list for PBXNativeTarget "FingerGuessUITests" */ = {
			isa = XCConfigurationList;
			buildConfigurations = (
				F853B2CE222743AB0071F675 /* Debug */,
				F853B2CF222743AB0071F675 /* Release */,
			);
			defaultConfigurationIsVisible = 0;
			defaultConfigurationName = Release;
		};
/* End XCConfigurationList section */

/* Begin XCVersionGroup section */
		F853B2A6222743A80071F675 /* FingerGuess.xcdatamodeld */ = {
			isa = XCVersionGroup;
			children = (
				F853B2A7222743A80071F675 /* FingerGuess.xcdatamodel */,
			);
			currentVersion = F853B2A7222743A80071F675 /* FingerGuess.xcdatamodel */;
			path = FingerGuess.xcdatamodeld;
			sourceTree = "<group>";
			versionGroupType = wrapper.xcdatamodel;
		};
/* End XCVersionGroup section */
	};
	rootObject = F853B294222743A80071F675 /* Project object */;
}
